{
  "nodes": {
    "blueprint": {
      "inputs": {
        "nixpkgs": [
          "qraftbox",
          "llm-agents",
          "nixpkgs"
        ],
        "systems": "systems_9"
      },
      "locked": {
        "lastModified": 1769353768,
        "narHash": "sha256-zI+7cbMI4wMIR57jMjDSEsVb3grapTnURDxxJPYFIW0=",
        "owner": "numtide",
        "repo": "blueprint",
        "rev": "c7da5c70ad1c9b60b6f5d4f674fbe205d48d8f6c",
        "type": "github"
      },
      "original": {
        "owner": "numtide",
        "repo": "blueprint",
        "type": "github"
      }
    },
    "bravesearch-mcp": {
      "inputs": {
        "fenix": "fenix",
        "flake-utils": "flake-utils",
        "nixpkgs": "nixpkgs"
      },
      "locked": {
        "lastModified": 1752216422,
        "narHash": "sha256-SBzz2sMxn5dQj6kuFSv1x6Z+QI8jdkmNcffEk/jcEyU=",
        "owner": "tacogips",
        "repo": "bravesearch-mcp",
        "rev": "860f29f2d9947842325b8c52fbb4698f04f69dc2",
        "type": "github"
      },
      "original": {
        "owner": "tacogips",
        "repo": "bravesearch-mcp",
        "type": "github"
      }
    },
    "crane": {
      "inputs": {
        "nixpkgs": [
          "gitcodes-mcp",
          "nixpkgs"
        ]
      },
      "locked": {
        "lastModified": 1717383740,
        "narHash": "sha256-559HbY4uhNeoYvK3H6AMZAtVfmR3y8plXZ1x6ON/cWU=",
        "owner": "ipetkov",
        "repo": "crane",
        "rev": "b65673fce97d277934488a451724be94cc62499a",
        "type": "github"
      },
      "original": {
        "owner": "ipetkov",
        "ref": "v0.17.3",
        "repo": "crane",
        "type": "github"
      }
    },
    "crane_2": {
      "locked": {
        "lastModified": 1766774972,
        "narHash": "sha256-8qxEFpj4dVmIuPn9j9z6NTbU+hrcGjBOvaxTzre5HmM=",
        "owner": "ipetkov",
        "repo": "crane",
        "rev": "01bc1d404a51a0a07e9d8759cd50a7903e218c82",
        "type": "github"
      },
      "original": {
        "owner": "ipetkov",
        "repo": "crane",
        "type": "github"
      }
    },
    "cratedocs-mcp": {
      "inputs": {
        "fenix": "fenix_2",
        "flake-utils": "flake-utils_2",
        "nixpkgs": "nixpkgs_2"
      },
      "locked": {
        "lastModified": 1746379357,
        "narHash": "sha256-4KuFKiQe22OOESjiHnluyBqR5vnXIjT+NZ7rf6Obl68=",
        "owner": "tacogips",
        "repo": "cratedocs-mcp",
        "rev": "f3df5aa6b2d55214b8b0b444eef0b0cc24cc461d",
        "type": "github"
      },
      "original": {
        "owner": "tacogips",
        "repo": "cratedocs-mcp",
        "type": "github"
      }
    },
    "fenix": {
      "inputs": {
        "nixpkgs": [
          "bravesearch-mcp",
          "nixpkgs"
        ],
        "rust-analyzer-src": "rust-analyzer-src"
      },
      "locked": {
        "lastModified": 1745130855,
        "narHash": "sha256-FauuSAbQ1tgPZjSvy6jldEs6eAFE+157Y/aNHh9GLTU=",
        "owner": "nix-community",
        "repo": "fenix",
        "rev": "22330c70f3c59e3ae386d9f5f6840f44f3b4f3c7",
        "type": "github"
      },
      "original": {
        "owner": "nix-community",
        "repo": "fenix",
        "type": "github"
      }
    },
    "fenix_2": {
      "inputs": {
        "nixpkgs": [
          "cratedocs-mcp",
          "nixpkgs"
        ],
        "rust-analyzer-src": "rust-analyzer-src_2"
      },
      "locked": {
        "lastModified": 1745130855,
        "narHash": "sha256-FauuSAbQ1tgPZjSvy6jldEs6eAFE+157Y/aNHh9GLTU=",
        "owner": "nix-community",
        "repo": "fenix",
        "rev": "22330c70f3c59e3ae386d9f5f6840f44f3b4f3c7",
        "type": "github"
      },
      "original": {
        "owner": "nix-community",
        "repo": "fenix",
        "type": "github"
      }
    },
    "fenix_3": {
      "inputs": {
        "nixpkgs": [
          "nixpkgs"
        ],
        "rust-analyzer-src": "rust-analyzer-src_3"
      },
      "locked": {
        "lastModified": 1773471952,
        "narHash": "sha256-kIRggXyT8RzijtfvyRIzj+zIDWM2fnCp8t0X4BkkTVc=",
        "owner": "nix-community",
        "repo": "fenix",
        "rev": "a1b770adbc3f6c27485d03b90462ec414d4e1ce5",
        "type": "github"
      },
      "original": {
        "owner": "nix-community",
        "repo": "fenix",
        "type": "github"
      }
    },
    "fenix_4": {
      "inputs": {
        "nixpkgs": [
          "gitcodes-mcp",
          "nixpkgs"
        ],
        "rust-analyzer-src": "rust-analyzer-src_4"
      },
      "locked": {
        "lastModified": 1745130855,
        "narHash": "sha256-FauuSAbQ1tgPZjSvy6jldEs6eAFE+157Y/aNHh9GLTU=",
        "owner": "nix-community",
        "repo": "fenix",
        "rev": "22330c70f3c59e3ae386d9f5f6840f44f3b4f3c7",
        "type": "github"
      },
      "original": {
        "owner": "nix-community",
        "repo": "fenix",
        "type": "github"
      }
    },
    "fenix_5": {
      "inputs": {
        "nixpkgs": [
          "hn-mcp",
          "nixpkgs"
        ],
        "rust-analyzer-src": "rust-analyzer-src_5"
      },
      "locked": {
        "lastModified": 1745130855,
        "narHash": "sha256-FauuSAbQ1tgPZjSvy6jldEs6eAFE+157Y/aNHh9GLTU=",
        "owner": "nix-community",
        "repo": "fenix",
        "rev": "22330c70f3c59e3ae386d9f5f6840f44f3b4f3c7",
        "type": "github"
      },
      "original": {
        "owner": "nix-community",
        "repo": "fenix",
        "type": "github"
      }
    },
    "firefox-addons": {
      "inputs": {
        "nixpkgs": [
          "nixpkgs"
        ]
      },
      "locked": {
        "dir": "pkgs/firefox-addons",
        "lastModified": 1773460974,
        "narHash": "sha256-ub9lQJZOgj9351Rv7YrmrimlocUj45AmWi5/vxOkrug=",
        "owner": "rycee",
        "repo": "nur-expressions",
        "rev": "cc0fa04294fb230b831e0b0d0d842d6ddb40806f",
        "type": "gitlab"
      },
      "original": {
        "dir": "pkgs/firefox-addons",
        "owner": "rycee",
        "repo": "nur-expressions",
        "type": "gitlab"
      }
    },
    "flake-parts": {
      "inputs": {
        "nixpkgs-lib": "nixpkgs-lib"
      },
      "locked": {
        "lastModified": 1765835352,
        "narHash": "sha256-XswHlK/Qtjasvhd1nOa1e8MgZ8GS//jBoTqWtrS1Giw=",
        "owner": "hercules-ci",
        "repo": "flake-parts",
        "rev": "a34fae9c08a15ad73f295041fec82323541400a9",
        "type": "github"
      },
      "original": {
        "owner": "hercules-ci",
        "repo": "flake-parts",
        "type": "github"
      }
    },
    "flake-utils": {
      "inputs": {
        "systems": "systems"
      },
      "locked": {
        "lastModified": 1731533236,
        "narHash": "sha256-l0KFg5HjrsfsO/JpG+r7fRrqm12kzFHyUHqHCVpMMbI=",
        "owner": "numtide",
        "repo": "flake-utils",
        "rev": "11707dc2f618dd54ca8739b309ec4fc024de578b",
        "type": "github"
      },
      "original": {
        "owner": "numtide",
        "repo": "flake-utils",
        "type": "github"
      }
    },
    "flake-utils_2": {
      "inputs": {
        "systems": "systems_2"
      },
      "locked": {
        "lastModified": 1731533236,
        "narHash": "sha256-l0KFg5HjrsfsO/JpG+r7fRrqm12kzFHyUHqHCVpMMbI=",
        "owner": "numtide",
        "repo": "flake-utils",
        "rev": "11707dc2f618dd54ca8739b309ec4fc024de578b",
        "type": "github"
      },
      "original": {
        "owner": "numtide",
        "repo": "flake-utils",
        "type": "github"
      }
    },
    "flake-utils_3": {
      "inputs": {
        "systems": "systems_3"
      },
      "locked": {
        "lastModified": 1731533236,
        "narHash": "sha256-l0KFg5HjrsfsO/JpG+r7fRrqm12kzFHyUHqHCVpMMbI=",
        "owner": "numtide",
        "repo": "flake-utils",
        "rev": "11707dc2f618dd54ca8739b309ec4fc024de578b",
        "type": "github"
      },
      "original": {
        "owner": "numtide",
        "repo": "flake-utils",
        "type": "github"
      }
    },
    "flake-utils_4": {
      "inputs": {
        "systems": "systems_4"
      },
      "locked": {
        "lastModified": 1731533236,
        "narHash": "sha256-l0KFg5HjrsfsO/JpG+r7fRrqm12kzFHyUHqHCVpMMbI=",
        "owner": "numtide",
        "repo": "flake-utils",
        "rev": "11707dc2f618dd54ca8739b309ec4fc024de578b",
        "type": "github"
      },
      "original": {
        "owner": "numtide",
        "repo": "flake-utils",
        "type": "github"
      }
    },
    "flake-utils_5": {
      "inputs": {
        "systems": "systems_5"
      },
      "locked": {
        "lastModified": 1726560853,
        "narHash": "sha256-X6rJYSESBVr3hBoH0WbKE5KvhPU5bloyZ2L4K60/fPQ=",
        "owner": "numtide",
        "repo": "flake-utils",
        "rev": "c1dfcf08411b08f6b8615f7d8971a2bfa81d5e8a",
        "type": "github"
      },
      "original": {
        "owner": "numtide",
        "repo": "flake-utils",
        "type": "github"
      }
    },
    "flake-utils_6": {
      "inputs": {
        "systems": "systems_6"
      },
      "locked": {
        "lastModified": 1731533236,
        "narHash": "sha256-l0KFg5HjrsfsO/JpG+r7fRrqm12kzFHyUHqHCVpMMbI=",
        "owner": "numtide",
        "repo": "flake-utils",
        "rev": "11707dc2f618dd54ca8739b309ec4fc024de578b",
        "type": "github"
      },
      "original": {
        "owner": "numtide",
        "repo": "flake-utils",
        "type": "github"
      }
    },
    "flake-utils_7": {
      "inputs": {
        "systems": "systems_7"
      },
      "locked": {
        "lastModified": 1731533236,
        "narHash": "sha256-l0KFg5HjrsfsO/JpG+r7fRrqm12kzFHyUHqHCVpMMbI=",
        "owner": "numtide",
        "repo": "flake-utils",
        "rev": "11707dc2f618dd54ca8739b309ec4fc024de578b",
        "type": "github"
      },
      "original": {
        "owner": "numtide",
        "repo": "flake-utils",
        "type": "github"
      }
    },
    "flake-utils_8": {
      "inputs": {
        "systems": "systems_8"
      },
      "locked": {
        "lastModified": 1731533236,
        "narHash": "sha256-l0KFg5HjrsfsO/JpG+r7fRrqm12kzFHyUHqHCVpMMbI=",
        "owner": "numtide",
        "repo": "flake-utils",
        "rev": "11707dc2f618dd54ca8739b309ec4fc024de578b",
        "type": "github"
      },
      "original": {
        "owner": "numtide",
        "repo": "flake-utils",
        "type": "github"
      }
    },
    "gitcodes-mcp": {
      "inputs": {
        "crane": "crane",
        "fenix": "fenix_4",
        "flake-utils": "flake-utils_3",
        "nixpkgs": "nixpkgs_3"
      },
      "locked": {
        "lastModified": 1765777594,
        "narHash": "sha256-3U8GT19L9Q5KYCNq3q8kwy4flt7JZ4BijKbvX6kX2Vg=",
        "owner": "tacogips",
        "repo": "gitcodes-mcp",
        "rev": "00da24027f0b6c9093718f92f0fa216aa43dc589",
        "type": "github"
      },
      "original": {
        "owner": "tacogips",
        "repo": "gitcodes-mcp",
        "type": "github"
      }
    },
    "hn-mcp": {
      "inputs": {
        "fenix": "fenix_5",
        "flake-utils": "flake-utils_4",
        "nixpkgs": "nixpkgs_4"
      },
      "locked": {
        "lastModified": 1748784591,
        "narHash": "sha256-Y915j4vegs2wMp1L4NYB+zCwWjTTc+6EOsmK3KG3hHw=",
        "owner": "tacogips",
        "repo": "hn-mcp",
        "rev": "b0dd720e1930d3d8120271810bec10980a8707de",
        "type": "github"
      },
      "original": {
        "owner": "tacogips",
        "repo": "hn-mcp",
        "type": "github"
      }
    },
    "home-manager": {
      "inputs": {
        "nixpkgs": [
          "nixpkgs"
        ]
      },
      "locked": {
        "lastModified": 1773422513,
        "narHash": "sha256-MPjR48roW7CUMU6lu0+qQGqj92Kuh3paIulMWFZy+NQ=",
        "owner": "nix-community",
        "repo": "home-manager",
        "rev": "ef12a9a2b0f77c8fa3dda1e7e494fca668909056",
        "type": "github"
      },
      "original": {
        "owner": "nix-community",
        "repo": "home-manager",
        "type": "github"
      }
    },
    "ign": {
      "inputs": {
        "flake-utils": "flake-utils_5",
        "nixpkgs": "nixpkgs_5"
      },
      "locked": {
        "lastModified": 1772428270,
        "narHash": "sha256-swXFSSjW5A+UtD5hK0c6xZxfnU7pHN10mKU8tUHUVqA=",
        "owner": "tacogips",
        "repo": "ign",
        "rev": "43f0a49a147d9efa3a93169e807aaa0de343dc58",
        "type": "github"
      },
      "original": {
        "owner": "tacogips",
        "repo": "ign",
        "type": "github"
      }
    },
    "kinko": {
      "inputs": {
        "flake-utils": "flake-utils_6",
        "nixpkgs": "nixpkgs_6"
      },
      "locked": {
        "lastModified": 1772956830,
        "narHash": "sha256-FcIW9gmdWhUH/5m8TVfg0r0JlMw69uHO4eN17wfomOc=",
        "owner": "tacogips",
        "repo": "kinko",
        "rev": "71b32d627ab553a76143007e9b4af2edfa8ea95b",
        "type": "github"
      },
      "original": {
        "owner": "tacogips",
        "repo": "kinko",
        "type": "github"
      }
    },
    "llm-agents": {
      "inputs": {
        "blueprint": "blueprint",
        "nixpkgs": "nixpkgs_9",
        "treefmt-nix": "treefmt-nix"
      },
      "locked": {
        "lastModified": 1770195497,
        "narHash": "sha256-syhQFd0hYN35OE+xD8uSRcHuRqYNxDMJTQhSPl5jYIU=",
        "owner": "numtide",
        "repo": "llm-agents.nix",
        "rev": "0fc9de9ceca5a13d04e2c3a221a4032d5bc1020c",
        "type": "github"
      },
      "original": {
        "owner": "numtide",
        "repo": "llm-agents.nix",
        "type": "github"
      }
    },
    "nix-overlays": {
      "inputs": {
        "flake-utils": "flake-utils_7",
        "nixpkgs": "nixpkgs_7"
      },
      "locked": {
        "lastModified": 1773559265,
        "narHash": "sha256-/aCMheeFja+FmzaBCRdckgHkbqhAt4e4XkvrHVdYnc0=",
        "owner": "tacogips",
        "repo": "nix-overlays",
        "rev": "b9ef95fd5102a3c0edcb9b8af029234363b9b1fe",
        "type": "github"
      },
      "original": {
        "owner": "tacogips",
        "repo": "nix-overlays",
        "type": "github"
      }
    },
    "nixpkgs": {
      "locked": {
        "lastModified": 1744932701,
        "narHash": "sha256-fusHbZCyv126cyArUwwKrLdCkgVAIaa/fQJYFlCEqiU=",
        "owner": "nixos",
        "repo": "nixpkgs",
        "rev": "b024ced1aac25639f8ca8fdfc2f8c4fbd66c48ef",
        "type": "github"
      },
      "original": {
        "owner": "nixos",
        "ref": "nixos-unstable",
        "repo": "nixpkgs",
        "type": "github"
      }
    },
    "nixpkgs-lib": {
      "locked": {
        "lastModified": 1765674936,
        "narHash": "sha256-k00uTP4JNfmejrCLJOwdObYC9jHRrr/5M/a/8L2EIdo=",
        "owner": "nix-community",
        "repo": "nixpkgs.lib",
        "rev": "2075416fcb47225d9b68ac469a5c4801a9c4dd85",
        "type": "github"
      },
      "original": {
        "owner": "nix-community",
        "repo": "nixpkgs.lib",
        "type": "github"
      }
    },
    "nixpkgs-unstable": {
      "locked": {
        "lastModified": 1770073757,
        "narHash": "sha256-Vy+G+F+3E/Tl+GMNgiHl9Pah2DgShmIUBJXmbiQPHbI=",
        "owner": "NixOS",
        "repo": "nixpkgs",
        "rev": "47472570b1e607482890801aeaf29bfb749884f6",
        "type": "github"
      },
      "original": {
        "owner": "NixOS",
        "ref": "nixpkgs-unstable",
        "repo": "nixpkgs",
        "type": "github"
      }
    },
    "nixpkgs_10": {
      "locked": {
        "lastModified": 1751290243,
        "narHash": "sha256-kNf+obkpJZWar7HZymXZbW+Rlk3HTEIMlpc6FCNz0Ds=",
        "owner": "NixOS",
        "repo": "nixpkgs",
        "rev": "5ab036a8d97cb9476fbe81b09076e6e91d15e1b6",
        "type": "github"
      },
      "original": {
        "owner": "NixOS",
        "ref": "release-24.11",
        "repo": "nixpkgs",
        "type": "github"
      }
    },
    "nixpkgs_11": {
      "locked": {
        "lastModified": 1767026758,
        "narHash": "sha256-7fsac/f7nh/VaKJ/qm3I338+wAJa/3J57cOGpXi0Sbg=",
        "owner": "NixOS",
        "repo": "nixpkgs",
        "rev": "346dd96ad74dc4457a9db9de4f4f57dab2e5731d",
        "type": "github"
      },
      "original": {
        "owner": "NixOS",
        "ref": "nixpkgs-unstable",
        "repo": "nixpkgs",
        "type": "github"
      }
    },
    "nixpkgs_2": {
      "locked": {
        "lastModified": 1744932701,
        "narHash": "sha256-fusHbZCyv126cyArUwwKrLdCkgVAIaa/fQJYFlCEqiU=",
        "owner": "nixos",
        "repo": "nixpkgs",
        "rev": "b024ced1aac25639f8ca8fdfc2f8c4fbd66c48ef",
        "type": "github"
      },
      "original": {
        "owner": "nixos",
        "ref": "nixos-unstable",
        "repo": "nixpkgs",
        "type": "github"
      }
    },
    "nixpkgs_3": {
      "locked": {
        "lastModified": 1744932701,
        "narHash": "sha256-fusHbZCyv126cyArUwwKrLdCkgVAIaa/fQJYFlCEqiU=",
        "owner": "nixos",
        "repo": "nixpkgs",
        "rev": "b024ced1aac25639f8ca8fdfc2f8c4fbd66c48ef",
        "type": "github"
      },
      "original": {
        "owner": "nixos",
        "ref": "nixos-unstable",
        "repo": "nixpkgs",
        "type": "github"
      }
    },
    "nixpkgs_4": {
      "locked": {
        "lastModified": 1744932701,
        "narHash": "sha256-fusHbZCyv126cyArUwwKrLdCkgVAIaa/fQJYFlCEqiU=",
        "owner": "nixos",
        "repo": "nixpkgs",
        "rev": "b024ced1aac25639f8ca8fdfc2f8c4fbd66c48ef",
        "type": "github"
      },
      "original": {
        "owner": "nixos",
        "ref": "nixos-unstable",
        "repo": "nixpkgs",
        "type": "github"
      }
    },
    "nixpkgs_5": {
      "locked": {
        "lastModified": 1764611609,
        "narHash": "sha256-yU9BNcP0oadUKupw0UKmO9BKDOVIg9NStdJosEbXf8U=",
        "owner": "NixOS",
        "repo": "nixpkgs",
        "rev": "8c29968b3a942f2903f90797f9623737c215737c",
        "type": "github"
      },
      "original": {
        "owner": "NixOS",
        "ref": "nixpkgs-unstable",
        "repo": "nixpkgs",
        "type": "github"
      }
    },
    "nixpkgs_6": {
      "locked": {
        "lastModified": 1772173633,
        "narHash": "sha256-MOH58F4AIbCkh6qlQcwMycyk5SWvsqnS/TCfnqDlpj4=",
        "owner": "NixOS",
        "repo": "nixpkgs",
        "rev": "c0f3d81a7ddbc2b1332be0d8481a672b4f6004d6",
        "type": "github"
      },
      "original": {
        "owner": "NixOS",
        "ref": "nixpkgs-unstable",
        "repo": "nixpkgs",
        "type": "github"
      }
    },
    "nixpkgs_7": {
      "locked": {
        "lastModified": 1770197578,
        "narHash": "sha256-AYqlWrX09+HvGs8zM6ebZ1pwUqjkfpnv8mewYwAo+iM=",
        "owner": "NixOS",
        "repo": "nixpkgs",
        "rev": "00c21e4c93d963c50d4c0c89bfa84ed6e0694df2",
        "type": "github"
      },
      "original": {
        "owner": "NixOS",
        "ref": "nixos-unstable",
        "repo": "nixpkgs",
        "type": "github"
      }
    },
    "nixpkgs_8": {
      "locked": {
        "lastModified": 1773389992,
        "narHash": "sha256-wvfdLLWJ2I9oEpDd9PfMA8osfIZicoQ5MT1jIwNs9Tk=",
        "owner": "nixos",
        "repo": "nixpkgs",
        "rev": "c06b4ae3d6599a672a6210b7021d699c351eebda",
        "type": "github"
      },
      "original": {
        "owner": "nixos",
        "ref": "nixos-unstable",
        "repo": "nixpkgs",
        "type": "github"
      }
    },
    "nixpkgs_9": {
      "locked": {
        "lastModified": 1770141374,
        "narHash": "sha256-yD4K/vRHPwXbJf5CK3JkptBA6nFWUKNX/jlFp2eKEQc=",
        "owner": "NixOS",
        "repo": "nixpkgs",
        "rev": "41965737c1797c1d83cfb0b644ed0840a6220bd1",
        "type": "github"
      },
      "original": {
        "owner": "NixOS",
        "ref": "nixpkgs-unstable",
        "repo": "nixpkgs",
        "type": "github"
      }
    },
    "qraftbox": {
      "inputs": {
        "flake-utils": "flake-utils_8",
        "llm-agents": "llm-agents",
        "nixpkgs": "nixpkgs_10",
        "nixpkgs-unstable": "nixpkgs-unstable"
      },
      "locked": {
        "lastModified": 1772200561,
        "narHash": "sha256-YR2chwtCOHjcfwVHibhlzaerGXVWVpebZDxVIALymow=",
        "ref": "refs/heads/main",
        "rev": "c6d6fc3a92b8dd90750eb6e8e6ed50ca7034f39e",
        "revCount": 221,
        "type": "git",
        "url": "https://github.com/tacogips/QraftBox.git"
      },
      "original": {
        "type": "git",
        "url": "https://github.com/tacogips/QraftBox.git"
      }
    },
    "root": {
      "inputs": {
        "bravesearch-mcp": "bravesearch-mcp",
        "cratedocs-mcp": "cratedocs-mcp",
        "fenix": "fenix_3",
        "firefox-addons": "firefox-addons",
        "gitcodes-mcp": "gitcodes-mcp",
        "hn-mcp": "hn-mcp",
        "home-manager": "home-manager",
        "ign": "ign",
        "kinko": "kinko",
        "nix-overlays": "nix-overlays",
        "nixpkgs": "nixpkgs_8",
        "qraftbox": "qraftbox",
        "xremap-flake": "xremap-flake"
      }
    },
    "rust-analyzer-src": {
      "flake": false,
      "locked": {
        "lastModified": 1745090513,
        "narHash": "sha256-Jt6QPfJ69WOsGbnJc8HhfAa8e3xVIdioXyukcchxBI4=",
        "owner": "rust-lang",
        "repo": "rust-analyzer",
        "rev": "150bb4a00fbfed34def3db1fe9aeab4c20bec921",
        "type": "github"
      },
      "original": {
        "owner": "rust-lang",
        "ref": "nightly",
        "repo": "rust-analyzer",
        "type": "github"
      }
    },
    "rust-analyzer-src_2": {
      "flake": false,
      "locked": {
        "lastModified": 1745090513,
        "narHash": "sha256-Jt6QPfJ69WOsGbnJc8HhfAa8e3xVIdioXyukcchxBI4=",
        "owner": "rust-lang",
        "repo": "rust-analyzer",
        "rev": "150bb4a00fbfed34def3db1fe9aeab4c20bec921",
        "type": "github"
      },
      "original": {
        "owner": "rust-lang",
        "ref": "nightly",
        "repo": "rust-analyzer",
        "type": "github"
      }
    },
    "rust-analyzer-src_3": {
      "flake": false,
      "locked": {
        "lastModified": 1773326183,
        "narHash": "sha256-tj3piRd9RnnP36HwHmQD4O4XZeowsH/rvMeyp9Pmot0=",
        "owner": "rust-lang",
        "repo": "rust-analyzer",
        "rev": "6254616e97f358e67b70dfc0463687f5f7911c1a",
        "type": "github"
      },
      "original": {
        "owner": "rust-lang",
        "ref": "nightly",
        "repo": "rust-analyzer",
        "type": "github"
      }
    },
    "rust-analyzer-src_4": {
      "flake": false,
      "locked": {
        "lastModified": 1745090513,
        "narHash": "sha256-Jt6QPfJ69WOsGbnJc8HhfAa8e3xVIdioXyukcchxBI4=",
        "owner": "rust-lang",
        "repo": "rust-analyzer",
        "rev": "150bb4a00fbfed34def3db1fe9aeab4c20bec921",
        "type": "github"
      },
      "original": {
        "owner": "rust-lang",
        "ref": "nightly",
        "repo": "rust-analyzer",
        "type": "github"
      }
    },
    "rust-analyzer-src_5": {
      "flake": false,
      "locked": {
        "lastModified": 1745090513,
        "narHash": "sha256-Jt6QPfJ69WOsGbnJc8HhfAa8e3xVIdioXyukcchxBI4=",
        "owner": "rust-lang",
        "repo": "rust-analyzer",
        "rev": "150bb4a00fbfed34def3db1fe9aeab4c20bec921",
        "type": "github"
      },
      "original": {
        "owner": "rust-lang",
        "ref": "nightly",
        "repo": "rust-analyzer",
        "type": "github"
      }
    },
    "systems": {
      "locked": {
        "lastModified": 1681028828,
        "narHash": "sha256-Vy1rq5AaRuLzOxct8nz4T6wlgyUR7zLU309k9mBC768=",
        "owner": "nix-systems",
        "repo": "default",
        "rev": "da67096a3b9bf56a91d16901293e51ba5b49a27e",
        "type": "github"
      },
      "original": {
        "owner": "nix-systems",
        "repo": "default",
        "type": "github"
      }
    },
    "systems_2": {
      "locked": {
        "lastModified": 1681028828,
        "narHash": "sha256-Vy1rq5AaRuLzOxct8nz4T6wlgyUR7zLU309k9mBC768=",
        "owner": "nix-systems",
        "repo": "default",
        "rev": "da67096a3b9bf56a91d16901293e51ba5b49a27e",
        "type": "github"
      },
      "original": {
        "owner": "nix-systems",
        "repo": "default",
        "type": "github"
      }
    },
    "systems_3": {
      "locked": {
        "lastModified": 1681028828,
        "narHash": "sha256-Vy1rq5AaRuLzOxct8nz4T6wlgyUR7zLU309k9mBC768=",
        "owner": "nix-systems",
        "repo": "default",
        "rev": "da67096a3b9bf56a91d16901293e51ba5b49a27e",
        "type": "github"
      },
      "original": {
        "owner": "nix-systems",
        "repo": "default",
        "type": "github"
      }
    },
    "systems_4": {
      "locked": {
        "lastModified": 1681028828,
        "narHash": "sha256-Vy1rq5AaRuLzOxct8nz4T6wlgyUR7zLU309k9mBC768=",
        "owner": "nix-systems",
        "repo": "default",
        "rev": "da67096a3b9bf56a91d16901293e51ba5b49a27e",
        "type": "github"
      },
      "original": {
        "owner": "nix-systems",
        "repo": "default",
        "type": "github"
      }
    },
    "systems_5": {
      "locked": {
        "lastModified": 1681028828,
        "narHash": "sha256-Vy1rq5AaRuLzOxct8nz4T6wlgyUR7zLU309k9mBC768=",
        "owner": "nix-systems",
        "repo": "default",
        "rev": "da67096a3b9bf56a91d16901293e51ba5b49a27e",
        "type": "github"
      },
      "original": {
        "owner": "nix-systems",
        "repo": "default",
        "type": "github"
      }
    },
    "systems_6": {
      "locked": {
        "lastModified": 1681028828,
        "narHash": "sha256-Vy1rq5AaRuLzOxct8nz4T6wlgyUR7zLU309k9mBC768=",
        "owner": "nix-systems",
        "repo": "default",
        "rev": "da67096a3b9bf56a91d16901293e51ba5b49a27e",
        "type": "github"
      },
      "original": {
        "owner": "nix-systems",
        "repo": "default",
        "type": "github"
      }
    },
    "systems_7": {
      "locked": {
        "lastModified": 1681028828,
        "narHash": "sha256-Vy1rq5AaRuLzOxct8nz4T6wlgyUR7zLU309k9mBC768=",
        "owner": "nix-systems",
        "repo": "default",
        "rev": "da67096a3b9bf56a91d16901293e51ba5b49a27e",
        "type": "github"
      },
      "original": {
        "owner": "nix-systems",
        "repo": "default",
        "type": "github"
      }
    },
    "systems_8": {
      "locked": {
        "lastModified": 1681028828,
        "narHash": "sha256-Vy1rq5AaRuLzOxct8nz4T6wlgyUR7zLU309k9mBC768=",
        "owner": "nix-systems",
        "repo": "default",
        "rev": "da67096a3b9bf56a91d16901293e51ba5b49a27e",
        "type": "github"
      },
      "original": {
        "owner": "nix-systems",
        "repo": "default",
        "type": "github"
      }
    },
    "systems_9": {
      "locked": {
        "lastModified": 1681028828,
        "narHash": "sha256-Vy1rq5AaRuLzOxct8nz4T6wlgyUR7zLU309k9mBC768=",
        "owner": "nix-systems",
        "repo": "default",
        "rev": "da67096a3b9bf56a91d16901293e51ba5b49a27e",
        "type": "github"
      },
      "original": {
        "owner": "nix-systems",
        "repo": "default",
        "type": "github"
      }
    },
    "treefmt-nix": {
      "inputs": {
        "nixpkgs": [
          "qraftbox",
          "llm-agents",
          "nixpkgs"
        ]
      },
      "locked": {
        "lastModified": 1769691507,
        "narHash": "sha256-8aAYwyVzSSwIhP2glDhw/G0i5+wOrren3v6WmxkVonM=",
        "owner": "numtide",
        "repo": "treefmt-nix",
        "rev": "28b19c5844cc6e2257801d43f2772a4b4c050a1b",
        "type": "github"
      },
      "original": {
        "owner": "numtide",
        "repo": "treefmt-nix",
        "type": "github"
      }
    },
    "xremap": {
      "flake": false,
      "locked": {
        "lastModified": 1771790974,
        "narHash": "sha256-hXbCEdWcpOvHsFIE7pQw3evqPjqXJhEYBCBJKoGVzJQ=",
        "owner": "k0kubun",
        "repo": "xremap",
        "rev": "a2fc6caa0c7d35d87d130437dc4a4582a3908871",
        "type": "github"
      },
      "original": {
        "owner": "k0kubun",
        "ref": "v0.14.15",
        "repo": "xremap",
        "type": "github"
      }
    },
    "xremap-flake": {
      "inputs": {
        "crane": "crane_2",
        "flake-parts": "flake-parts",
        "nixpkgs": "nixpkgs_11",
        "xremap": "xremap"
      },
      "locked": {
        "lastModified": 1771968045,
        "narHash": "sha256-BK2Zcio1gBMTIjIV2MfULqgxv21Y4S9HbgzGuI4AzSc=",
        "owner": "xremap",
        "repo": "nix-flake",
        "rev": "b89f36dd4a0a68d904a4995e3156f0ac758fcdd6",
        "type": "github"
      },
      "original": {
        "owner": "xremap",
        "repo": "nix-flake",
        "type": "github"
      }
    }
  },
  "root": "root",
  "version": 7
}
